
Microsoft Visual Studio Solution File, Format Version 12.00
# Visual Studio Version 17
VisualStudioVersion = 17.10.35122.118
MinimumVisualStudioVersion = 10.0.40219.1
Project("{FAE04EC0-301F-11D3-BF4B-00C04F79EFBC}") = "Hotel_Client_Management_System", "Hotel_Client_Management_System\Hotel_Client_Management_System.csproj", "{E57B57AE-AFF2-4719-AB71-61A16278AA34}"
EndProject
Global
	GlobalSection(SolutionConfigurationPlatforms) = preSolution
		Debug|Any CPU = Debug|Any CPU
		Release|Any CPU = Release|Any CPU
	EndGlobalSection
	GlobalSection(ProjectConfigurationPlatforms) = postSolution
		{E57B57AE-AFF2-4719-AB71-61A16278AA34}.Debug|Any CPU.ActiveCfg = Debug|Any CPU
		{E57B57AE-AFF2-4719-AB71-61A16278AA34}.Debug|Any CPU.Build.0 = Debug|Any CPU
		{E57B57AE-AFF2-4719-AB71-61A16278AA34}.Release|Any CPU.ActiveCfg = Release|Any CPU
		{E57B57AE-AFF2-4719-AB71-61A16278AA34}.Release|Any CPU.Build.0 = Release|Any CPU
	EndGlobalSection
	GlobalSection(SolutionProperties) = preSolution
		HideSolutionNode = FALSE
	EndGlobalSection
	GlobalSection(ExtensibilityGlobals) = postSolution
		SolutionGuid = {1E7CC86D-4279-48DE-AAEB-4AA8A46DE1DA}
	EndGlobalSection
EndGlobal
